
Microsoft Visual Studio Solution File, Format Version 12.00
# Visual Studio Version 17
VisualStudioVersion = 17.8.34330.188
MinimumVisualStudioVersion = 10.0.40219.1
Project("{FAE04EC0-301F-11D3-BF4B-00C04F79EFBC}") = "Clock", "Clock\Clock.csproj", "{57309AAF-6A86-4D8D-81A1-7C5CBF9C9AFC}"
EndProject
Global
	GlobalSection(SolutionConfigurationPlatforms) = preSolution
		Debug|Any CPU = Debug|Any CPU
		Release|Any CPU = Release|Any CPU
	EndGlobalSection
	GlobalSection(ProjectConfigurationPlatforms) = postSolution
		{57309AAF-6A86-4D8D-81A1-7C5CBF9C9AFC}.Debug|Any CPU.ActiveCfg = Debug|Any CPU
		{57309AAF-6A86-4D8D-81A1-7C5CBF9C9AFC}.Debug|Any CPU.Build.0 = Debug|Any CPU
		{57309AAF-6A86-4D8D-81A1-7C5CBF9C9AFC}.Release|Any CPU.ActiveCfg = Release|Any CPU
		{57309AAF-6A86-4D8D-81A1-7C5CBF9C9AFC}.Release|Any CPU.Build.0 = Release|Any CPU
	EndGlobalSection
	GlobalSection(SolutionProperties) = preSolution
		HideSolutionNode = FALSE
	EndGlobalSection
	GlobalSection(ExtensibilityGlobals) = postSolution
		SolutionGuid = {F79635BD-4119-43A5-809C-8FA66D3DB84E}
	EndGlobalSection
EndGlobal
